
Microsoft Visual Studio Solution File, Format Version 12.00
# Visual Studio Version 16
VisualStudioVersion = 16.0.30717.126
MinimumVisualStudioVersion = 10.0.40219.1
Project("{FAE04EC0-301F-11D3-BF4B-00C04F79EFBC}") = "BestbuyBestPractices", "BestbuyBestPractices\BestbuyBestPractices.csproj", "{06A8EF05-91A4-41DE-98D3-69209DD6AEF4}"
EndProject
Global
	GlobalSection(SolutionConfigurationPlatforms) = preSolution
		Debug|Any CPU = Debug|Any CPU
		Release|Any CPU = Release|Any CPU
	EndGlobalSection
	GlobalSection(ProjectConfigurationPlatforms) = postSolution
		{06A8EF05-91A4-41DE-98D3-69209DD6AEF4}.Debug|Any CPU.ActiveCfg = Debug|Any CPU
		{06A8EF05-91A4-41DE-98D3-69209DD6AEF4}.Debug|Any CPU.Build.0 = Debug|Any CPU
		{06A8EF05-91A4-41DE-98D3-69209DD6AEF4}.Release|Any CPU.ActiveCfg = Release|Any CPU
		{06A8EF05-91A4-41DE-98D3-69209DD6AEF4}.Release|Any CPU.Build.0 = Release|Any CPU
	EndGlobalSection
	GlobalSection(SolutionProperties) = preSolution
		HideSolutionNode = FALSE
	EndGlobalSection
	GlobalSection(ExtensibilityGlobals) = postSolution
		SolutionGuid = {B0F7385F-6A4C-440B-8835-B09BF853A524}
	EndGlobalSection
EndGlobal
